// !$*UTF8*$!
{
	archiveVersion = 1;
	classes = {
	};
	objectVersion = 46;
	objects = {

/* Begin PBXBuildFile section */
		74791998162A0C60008E2FFB /* ServerSocket.cpp in Sources */ = {isa = PBXBuildFile; fileRef = 74791996162A0C60008E2FFB /* ServerSocket.cpp */; };
		749A522C162229510094A87E /* Main_Client.cpp in Sources */ = {isa = PBXBuildFile; fileRef = 749A522B162229510094A87E /* Main_Client.cpp */; };
		74CB1BEE16226492002456CA /* SDLMain.m in Sources */ = {isa = PBXBuildFile; fileRef = 74CB1BED16226492002456CA /* SDLMain.m */; };
		74CB1BF0162264E2002456CA /* Cocoa.framework in Frameworks */ = {isa = PBXBuildFile; fileRef = 74CB1BEF162264E2002456CA /* Cocoa.framework */; };
		74CB1BF216226534002456CA /* SDL.framework in Frameworks */ = {isa = PBXBuildFile; fileRef = 74CB1BF116226534002456CA /* SDL.framework */; };
		74CB1BFF1622B7EB002456CA /* SDL_Functions.cpp in Sources */ = {isa = PBXBuildFile; fileRef = 74CB1BFD1622B7EB002456CA /* SDL_Functions.cpp */; };
		74CB1C031622CB36002456CA /* SDL_image.framework in Frameworks */ = {isa = PBXBuildFile; fileRef = 74CB1C021622CB36002456CA /* SDL_image.framework */; };
		74CB1C051622CD36002456CA /* SDL_ttf.framework in Frameworks */ = {isa = PBXBuildFile; fileRef = 74CB1C041622CD36002456CA /* SDL_ttf.framework */; };
		74CB1C071622CD48002456CA /* SDL_mixer.framework in Frameworks */ = {isa = PBXBuildFile; fileRef = 74CB1C061622CD48002456CA /* SDL_mixer.framework */; };
		74CB1C3D1622EB32002456CA /* Main_Server.cpp in Sources */ = {isa = PBXBuildFile; fileRef = 74CB1C3C1622EB32002456CA /* Main_Server.cpp */; };
/* End PBXBuildFile section */

/* Begin PBXCopyFilesBuildPhase section */
		749A521E162228F90094A87E /* CopyFiles */ = {
			isa = PBXCopyFilesBuildPhase;
			buildActionMask = 2147483647;
			dstPath = /usr/share/man/man1/;
			dstSubfolderSpec = 0;
			files = (
			);
			runOnlyForDeploymentPostprocessing = 1;
		};
		74CB1C0C1622EA1C002456CA /* CopyFiles */ = {
			isa = PBXCopyFilesBuildPhase;
			buildActionMask = 2147483647;
			dstPath = /usr/share/man/man1/;
			dstSubfolderSpec = 0;
			files = (
			);
			runOnlyForDeploymentPostprocessing = 1;
		};
/* End PBXCopyFilesBuildPhase section */

/* Begin PBXFileReference section */
		74141E0D16265849001823B2 /* dots.png */ = {isa = PBXFileReference; lastKnownFileType = image.png; path = dots.png; sourceTree = "<group>"; };
		74141E1016265F2D001823B2 /* arial12x12.png */ = {isa = PBXFileReference; lastKnownFileType = image.png; path = arial12x12.png; sourceTree = "<group>"; };
		74141E1116265F2D001823B2 /* font.png */ = {isa = PBXFileReference; lastKnownFileType = image.png; path = font.png; sourceTree = "<group>"; };
		74141E1216265F2D001823B2 /* lazy.ttf */ = {isa = PBXFileReference; lastKnownFileType = file; path = lazy.ttf; sourceTree = "<group>"; };
		74141E1316265F2D001823B2 /* sample_full_unicode.png */ = {isa = PBXFileReference; lastKnownFileType = image.png; path = sample_full_unicode.png; sourceTree = "<group>"; };
		743627B0162ACDEF00523F8B /* testout.ans */ = {isa = PBXFileReference; lastKnownFileType = text; path = testout.ans; sourceTree = "<group>"; };
		743627B3162AD56A00523F8B /* world.txt */ = {isa = PBXFileReference; lastKnownFileType = text; path = world.txt; sourceTree = "<group>"; };
		746BE6351622EBD800A95771 /* Client */ = {isa = PBXFileReference; explicitFileType = "compiled.mach-o.executable"; includeInIndex = 0; path = Client; sourceTree = BUILT_PRODUCTS_DIR; };
		746BE6371622EBD800A95771 /* Server */ = {isa = PBXFileReference; explicitFileType = "compiled.mach-o.executable"; includeInIndex = 0; path = Server; sourceTree = BUILT_PRODUCTS_DIR; };
		746BE63A1622ECF300A95771 /* SDL-License.txt */ = {isa = PBXFileReference; fileEncoding = 4; lastKnownFileType = text; path = "SDL-License.txt"; sourceTree = "<group>"; };
		74791991162A0AE0008E2FFB /* BoostLibs.h */ = {isa = PBXFileReference; lastKnownFileType = sourcecode.c.h; path = BoostLibs.h; sourceTree = "<group>"; };
		74791993162A0B49008E2FFB /* The_ASCII_Project.1 */ = {isa = PBXFileReference; lastKnownFileType = text.man; path = The_ASCII_Project.1; sourceTree = "<group>"; };
		74791995162A0C4E008E2FFB /* ServerSocket.h */ = {isa = PBXFileReference; lastKnownFileType = sourcecode.c.h; path = ServerSocket.h; sourceTree = "<group>"; };
		74791996162A0C60008E2FFB /* ServerSocket.cpp */ = {isa = PBXFileReference; fileEncoding = 4; lastKnownFileType = sourcecode.cpp.cpp; path = ServerSocket.cpp; sourceTree = "<group>"; };
		74791999162A0E6E008E2FFB /* Constants.h */ = {isa = PBXFileReference; lastKnownFileType = sourcecode.c.h; path = Constants.h; sourceTree = "<group>"; };
		7479199A162A1136008E2FFB /* unifont-5.1.20080907.ttf */ = {isa = PBXFileReference; lastKnownFileType = file; path = "unifont-5.1.20080907.ttf"; sourceTree = "<group>"; };
		74934C1F16195C9E00640ED3 /* GPL-License.txt */ = {isa = PBXFileReference; fileEncoding = 4; lastKnownFileType = text; path = "GPL-License.txt"; sourceTree = "<group>"; };
		74934C2016195C9E00640ED3 /* LICENSE_1_0_BOOST.txt */ = {isa = PBXFileReference; fileEncoding = 4; lastKnownFileType = text; path = LICENSE_1_0_BOOST.txt; sourceTree = "<group>"; };
		74934C2216195CBF00640ED3 /* EngineTemplate.txt */ = {isa = PBXFileReference; fileEncoding = 4; lastKnownFileType = text; name = EngineTemplate.txt; path = licenses/EngineTemplate.txt; sourceTree = "<group>"; };
		74934C23161962DE00640ED3 /* BSD-License.txt */ = {isa = PBXFileReference; fileEncoding = 4; lastKnownFileType = text; path = "BSD-License.txt"; sourceTree = "<group>"; };
		74934C241619631F00640ED3 /* BOOST-License.txt */ = {isa = PBXFileReference; fileEncoding = 4; lastKnownFileType = text; path = "BOOST-License.txt"; sourceTree = "<group>"; };
		74934C291619698100640ED3 /* Readme.txt */ = {isa = PBXFileReference; fileEncoding = 4; lastKnownFileType = text; path = Readme.txt; sourceTree = "<group>"; };
		74934C2A1619698F00640ED3 /* Readme.txt */ = {isa = PBXFileReference; fileEncoding = 4; lastKnownFileType = text; path = Readme.txt; sourceTree = "<group>"; };
		74934C2B161969D200640ED3 /* Readme.txt */ = {isa = PBXFileReference; fileEncoding = 4; lastKnownFileType = text; path = Readme.txt; sourceTree = "<group>"; };
		74934C2C161969F000640ED3 /* Readme.txt */ = {isa = PBXFileReference; fileEncoding = 4; lastKnownFileType = text; path = Readme.txt; sourceTree = "<group>"; };
		74934C2D16196A2200640ED3 /* Readme.txt */ = {isa = PBXFileReference; fileEncoding = 4; lastKnownFileType = text; path = Readme.txt; sourceTree = "<group>"; };
		74934C2F16196A4800640ED3 /* Readme.txt */ = {isa = PBXFileReference; fileEncoding = 4; lastKnownFileType = text; path = Readme.txt; sourceTree = "<group>"; };
		74934C3016196A6B00640ED3 /* Readme.txt */ = {isa = PBXFileReference; fileEncoding = 4; lastKnownFileType = text; path = Readme.txt; sourceTree = "<group>"; };
		74934C3116196A8000640ED3 /* Readme.txt */ = {isa = PBXFileReference; fileEncoding = 4; lastKnownFileType = text; path = Readme.txt; sourceTree = "<group>"; };
		74934C3216196A9E00640ED3 /* Readme.txt */ = {isa = PBXFileReference; fileEncoding = 4; lastKnownFileType = text; path = Readme.txt; sourceTree = "<group>"; };
		74934C3316196AAE00640ED3 /* Readme.txt */ = {isa = PBXFileReference; fileEncoding = 4; lastKnownFileType = text; path = Readme.txt; sourceTree = "<group>"; };
		749A5211162227E20094A87E /* Readme.txt */ = {isa = PBXFileReference; lastKnownFileType = text; path = Readme.txt; sourceTree = "<group>"; };
		749A522B162229510094A87E /* Main_Client.cpp */ = {isa = PBXFileReference; fileEncoding = 4; lastKnownFileType = sourcecode.cpp.cpp; path = Main_Client.cpp; sourceTree = "<group>"; };
		749A522D162229990094A87E /* Readme.txt */ = {isa = PBXFileReference; lastKnownFileType = text; path = Readme.txt; sourceTree = "<group>"; };
		74B16A75162760BB00884AD2 /* button.png */ = {isa = PBXFileReference; lastKnownFileType = image.png; path = button.png; sourceTree = "<group>"; };
		74CB1BEB16226486002456CA /* SDLMain.h */ = {isa = PBXFileReference; fileEncoding = 4; lastKnownFileType = sourcecode.c.h; path = SDLMain.h; sourceTree = "<group>"; };
		74CB1BED16226492002456CA /* SDLMain.m */ = {isa = PBXFileReference; fileEncoding = 4; lastKnownFileType = sourcecode.c.objc; path = SDLMain.m; sourceTree = "<group>"; };
		74CB1BEF162264E2002456CA /* Cocoa.framework */ = {isa = PBXFileReference; lastKnownFileType = wrapper.framework; name = Cocoa.framework; path = System/Library/Frameworks/Cocoa.framework; sourceTree = SDKROOT; };
		74CB1BF116226534002456CA /* SDL.framework */ = {isa = PBXFileReference; lastKnownFileType = wrapper.framework; name = SDL.framework; path = /Library/Frameworks/SDL.framework; sourceTree = "<absolute>"; };
		74CB1BFB1622B4F1002456CA /* screen_constants.h */ = {isa = PBXFileReference; fileEncoding = 4; lastKnownFileType = sourcecode.c.h; path = screen_constants.h; sourceTree = "<group>"; };
		74CB1BFC1622B7D9002456CA /* SDL_Functions.h */ = {isa = PBXFileReference; fileEncoding = 4; lastKnownFileType = sourcecode.c.h; path = SDL_Functions.h; sourceTree = "<group>"; };
		74CB1BFD1622B7EB002456CA /* SDL_Functions.cpp */ = {isa = PBXFileReference; fileEncoding = 4; lastKnownFileType = sourcecode.cpp.cpp; path = SDL_Functions.cpp; sourceTree = "<group>"; };
		74CB1C011622BD52002456CA /* hello.bmp */ = {isa = PBXFileReference; lastKnownFileType = image.bmp; path = hello.bmp; sourceTree = "<group>"; };
		74CB1C021622CB36002456CA /* SDL_image.framework */ = {isa = PBXFileReference; lastKnownFileType = wrapper.framework; name = SDL_image.framework; path = /Library/Frameworks/SDL_image.framework; sourceTree = "<absolute>"; };
		74CB1C041622CD36002456CA /* SDL_ttf.framework */ = {isa = PBXFileReference; lastKnownFileType = wrapper.framework; name = SDL_ttf.framework; path = /Library/Frameworks/SDL_ttf.framework; sourceTree = "<absolute>"; };
		74CB1C061622CD48002456CA /* SDL_mixer.framework */ = {isa = PBXFileReference; lastKnownFileType = wrapper.framework; name = SDL_mixer.framework; path = /Library/Frameworks/SDL_mixer.framework; sourceTree = "<absolute>"; };
		74CB1C081622D99E002456CA /* x.png */ = {isa = PBXFileReference; lastKnownFileType = image.png; path = x.png; sourceTree = "<group>"; };
		74CB1C3C1622EB32002456CA /* Main_Server.cpp */ = {isa = PBXFileReference; fileEncoding = 4; lastKnownFileType = sourcecode.cpp.cpp; path = Main_Server.cpp; sourceTree = "<group>"; };
		74FD5BE716250DAE005B8789 /* background.png */ = {isa = PBXFileReference; lastKnownFileType = image.png; path = background.png; sourceTree = "<group>"; };
		74FD5BE816250DBF005B8789 /* foo.png */ = {isa = PBXFileReference; lastKnownFileType = image.png; path = foo.png; sourceTree = "<group>"; };
/* End PBXFileReference section */

/* Begin PBXFrameworksBuildPhase section */
		749A521D162228F90094A87E /* Frameworks */ = {
			isa = PBXFrameworksBuildPhase;
			buildActionMask = 2147483647;
			files = (
				74CB1C071622CD48002456CA /* SDL_mixer.framework in Frameworks */,
				74CB1C051622CD36002456CA /* SDL_ttf.framework in Frameworks */,
				74CB1C031622CB36002456CA /* SDL_image.framework in Frameworks */,
				74CB1BF216226534002456CA /* SDL.framework in Frameworks */,
				74CB1BF0162264E2002456CA /* Cocoa.framework in Frameworks */,
			);
			runOnlyForDeploymentPostprocessing = 0;
		};
		74CB1C0B1622EA1C002456CA /* Frameworks */ = {
			isa = PBXFrameworksBuildPhase;
			buildActionMask = 2147483647;
			files = (
			);
			runOnlyForDeploymentPostprocessing = 0;
		};
/* End PBXFrameworksBuildPhase section */

/* Begin PBXGroup section */
		74141E0F16265F2D001823B2 /* fonts */ = {
			isa = PBXGroup;
			children = (
				7479199A162A1136008E2FFB /* unifont-5.1.20080907.ttf */,
				74141E1016265F2D001823B2 /* arial12x12.png */,
				74141E1116265F2D001823B2 /* font.png */,
				74141E1216265F2D001823B2 /* lazy.ttf */,
				74141E1316265F2D001823B2 /* sample_full_unicode.png */,
			);
			path = fonts;
			sourceTree = "<group>";
		};
		747966741619546500465505 = {
			isa = PBXGroup;
			children = (
				749A5211162227E20094A87E /* Readme.txt */,
				74934C1516195C4200640ED3 /* bin */,
				74934C251619693C00640ED3 /* data */,
				74934C1616195C4200640ED3 /* docs */,
				74934C0516195A6C00640ED3 /* include */,
				74934C1716195C4200640ED3 /* lib */,
				74934C261619693C00640ED3 /* maps */,
				74934C271619693C00640ED3 /* misc */,
				74934C0616195A6C00640ED3 /* osx */,
				74934C281619693C00640ED3 /* scripts */,
				74934C0816195A6C00640ED3 /* src */,
			);
			sourceTree = "<group>";
		};
		747966801619546500465505 /* Products */ = {
			isa = PBXGroup;
			children = (
				746BE6351622EBD800A95771 /* Client */,
				746BE6371622EBD800A95771 /* Server */,
			);
			name = Products;
			path = ..;
			sourceTree = "<group>";
		};
		74934C0516195A6C00640ED3 /* include */ = {
			isa = PBXGroup;
			children = (
				74CB1BFB1622B4F1002456CA /* screen_constants.h */,
				74CB1BFC1622B7D9002456CA /* SDL_Functions.h */,
				74CB1BEB16226486002456CA /* SDLMain.h */,
				74934C3216196A9E00640ED3 /* Readme.txt */,
				74791991162A0AE0008E2FFB /* BoostLibs.h */,
				74791995162A0C4E008E2FFB /* ServerSocket.h */,
				74791999162A0E6E008E2FFB /* Constants.h */,
			);
			path = include;
			sourceTree = "<group>";
		};
		74934C0616195A6C00640ED3 /* osx */ = {
			isa = PBXGroup;
			children = (
				74791993162A0B49008E2FFB /* The_ASCII_Project.1 */,
				74CB1C061622CD48002456CA /* SDL_mixer.framework */,
				74CB1C041622CD36002456CA /* SDL_ttf.framework */,
				74CB1C021622CB36002456CA /* SDL_image.framework */,
				74CB1BF116226534002456CA /* SDL.framework */,
				74CB1BEF162264E2002456CA /* Cocoa.framework */,
				747966801619546500465505 /* Products */,
				74934C3016196A6B00640ED3 /* Readme.txt */,
			);
			path = osx;
			sourceTree = "<group>";
		};
		74934C0816195A6C00640ED3 /* src */ = {
			isa = PBXGroup;
			children = (
				749A522B162229510094A87E /* Main_Client.cpp */,
				74CB1C3C1622EB32002456CA /* Main_Server.cpp */,
				74CB1BFD1622B7EB002456CA /* SDL_Functions.cpp */,
				74CB1BED16226492002456CA /* SDLMain.m */,
				74934C3316196AAE00640ED3 /* Readme.txt */,
				74791996162A0C60008E2FFB /* ServerSocket.cpp */,
			);
			path = src;
			sourceTree = "<group>";
		};
		74934C1516195C4200640ED3 /* bin */ = {
			isa = PBXGroup;
			children = (
				74934C3116196A8000640ED3 /* Readme.txt */,
			);
			path = bin;
			sourceTree = "<group>";
		};
		74934C1616195C4200640ED3 /* docs */ = {
			isa = PBXGroup;
			children = (
				74934C291619698100640ED3 /* Readme.txt */,
				74934C2216195CBF00640ED3 /* EngineTemplate.txt */,
				74934C1E16195C8800640ED3 /* licenses */,
			);
			path = docs;
			sourceTree = "<group>";
		};
		74934C1716195C4200640ED3 /* lib */ = {
			isa = PBXGroup;
			children = (
				74934C2F16196A4800640ED3 /* Readme.txt */,
			);
			path = lib;
			sourceTree = "<group>";
		};
		74934C1E16195C8800640ED3 /* licenses */ = {
			isa = PBXGroup;
			children = (
				74934C1F16195C9E00640ED3 /* GPL-License.txt */,
				74934C2016195C9E00640ED3 /* LICENSE_1_0_BOOST.txt */,
				74934C241619631F00640ED3 /* BOOST-License.txt */,
				74934C23161962DE00640ED3 /* BSD-License.txt */,
				74934C2A1619698F00640ED3 /* Readme.txt */,
				746BE63A1622ECF300A95771 /* SDL-License.txt */,
			);
			path = licenses;
			sourceTree = "<group>";
		};
		74934C251619693C00640ED3 /* data */ = {
			isa = PBXGroup;
			children = (
				74141E0F16265F2D001823B2 /* fonts */,
				74CB1BF61622662A002456CA /* sound */,
				74CB1BF516226623002456CA /* other */,
				74CB1BF31622661B002456CA /* images */,
				749A522D162229990094A87E /* Readme.txt */,
			);
			path = data;
			sourceTree = "<group>";
		};
		74934C261619693C00640ED3 /* maps */ = {
			isa = PBXGroup;
			children = (
				74934C2D16196A2200640ED3 /* Readme.txt */,
			);
			path = maps;
			sourceTree = "<group>";
		};
		74934C271619693C00640ED3 /* misc */ = {
			isa = PBXGroup;
			children = (
				74934C2C161969F000640ED3 /* Readme.txt */,
			);
			path = misc;
			sourceTree = "<group>";
		};
		74934C281619693C00640ED3 /* scripts */ = {
			isa = PBXGroup;
			children = (
				74934C2B161969D200640ED3 /* Readme.txt */,
			);
			path = scripts;
			sourceTree = "<group>";
		};
		74CB1BF31622661B002456CA /* images */ = {
			isa = PBXGroup;
			children = (
				743627B3162AD56A00523F8B /* world.txt */,
				743627B0162ACDEF00523F8B /* testout.ans */,
				74CB1BF41622661B002456CA /* dispose */,
			);
			path = images;
			sourceTree = "<group>";
		};
		74CB1BF41622661B002456CA /* dispose */ = {
			isa = PBXGroup;
			children = (
				74CB1C011622BD52002456CA /* hello.bmp */,
				74141E0D16265849001823B2 /* dots.png */,
				74B16A75162760BB00884AD2 /* button.png */,
				74FD5BE716250DAE005B8789 /* background.png */,
				74FD5BE816250DBF005B8789 /* foo.png */,
				74CB1C081622D99E002456CA /* x.png */,
			);
			path = dispose;
			sourceTree = "<group>";
		};
		74CB1BF516226623002456CA /* other */ = {
			isa = PBXGroup;
			children = (
			);
			path = other;
			sourceTree = "<group>";
		};
		74CB1BF61622662A002456CA /* sound */ = {
			isa = PBXGroup;
			children = (
				74CB1BF71622662A002456CA /* area */,
				74CB1BF81622662A002456CA /* fx */,
				74CB1BF91622662A002456CA /* music */,
			);
			path = sound;
			sourceTree = "<group>";
		};
		74CB1BF71622662A002456CA /* area */ = {
			isa = PBXGroup;
			children = (
			);
			path = area;
			sourceTree = "<group>";
		};
		74CB1BF81622662A002456CA /* fx */ = {
			isa = PBXGroup;
			children = (
			);
			path = fx;
			sourceTree = "<group>";
		};
		74CB1BF91622662A002456CA /* music */ = {
			isa = PBXGroup;
			children = (
			);
			path = music;
			sourceTree = "<group>";
		};
/* End PBXGroup section */

/* Begin PBXNativeTarget section */
		749A521F162228F90094A87E /* Client */ = {
			isa = PBXNativeTarget;
			buildConfigurationList = 749A5227162228F90094A87E /* Build configuration list for PBXNativeTarget "Client" */;
			buildPhases = (
				749A521C162228F90094A87E /* Sources */,
				749A521D162228F90094A87E /* Frameworks */,
				749A521E162228F90094A87E /* CopyFiles */,
			);
			buildRules = (
			);
			dependencies = (
			);
			name = Client;
			productName = Server;
			productReference = 746BE6351622EBD800A95771 /* Client */;
			productType = "com.apple.product-type.tool";
		};
		74CB1C0D1622EA1C002456CA /* Server */ = {
			isa = PBXNativeTarget;
			buildConfigurationList = 74CB1C151622EA1C002456CA /* Build configuration list for PBXNativeTarget "Server" */;
			buildPhases = (
				74CB1C0A1622EA1C002456CA /* Sources */,
				74CB1C0B1622EA1C002456CA /* Frameworks */,
				74CB1C0C1622EA1C002456CA /* CopyFiles */,
			);
			buildRules = (
			);
			dependencies = (
			);
			name = Server;
			productName = Server;
			productReference = 746BE6371622EBD800A95771 /* Server */;
			productType = "com.apple.product-type.tool";
		};
/* End PBXNativeTarget section */

/* Begin PBXProject section */
		747966761619546500465505 /* Project object */ = {
			isa = PBXProject;
			attributes = {
				LastUpgradeCheck = 0450;
				ORGANIZATIONNAME = "Jonathan Rumion";
			};
			buildConfigurationList = 747966791619546500465505 /* Build configuration list for PBXProject "The ASCII Project" */;
			compatibilityVersion = "Xcode 3.2";
			developmentRegion = English;
			hasScannedForEncodings = 0;
			knownRegions = (
				en,
			);
			mainGroup = 747966741619546500465505;
			productRefGroup = 747966801619546500465505 /* Products */;
			projectDirPath = "";
			projectRoot = "";
			targets = (
				74CB1C0D1622EA1C002456CA /* Server */,
				749A521F162228F90094A87E /* Client */,
			);
		};
/* End PBXProject section */

/* Begin PBXSourcesBuildPhase section */
		749A521C162228F90094A87E /* Sources */ = {
			isa = PBXSourcesBuildPhase;
			buildActionMask = 2147483647;
			files = (
				749A522C162229510094A87E /* Main_Client.cpp in Sources */,
				74CB1BEE16226492002456CA /* SDLMain.m in Sources */,
				74CB1BFF1622B7EB002456CA /* SDL_Functions.cpp in Sources */,
			);
			runOnlyForDeploymentPostprocessing = 0;
		};
		74CB1C0A1622EA1C002456CA /* Sources */ = {
			isa = PBXSourcesBuildPhase;
			buildActionMask = 2147483647;
			files = (
				74CB1C3D1622EB32002456CA /* Main_Server.cpp in Sources */,
				74791998162A0C60008E2FFB /* ServerSocket.cpp in Sources */,
			);
			runOnlyForDeploymentPostprocessing = 0;
		};
/* End PBXSourcesBuildPhase section */

/* Begin XCBuildConfiguration section */
		747966871619546500465505 /* Debug */ = {
			isa = XCBuildConfiguration;
			buildSettings = {
				ALWAYS_SEARCH_USER_PATHS = NO;
				ARCHS = "$(ARCHS_STANDARD_64_BIT)";
				CLANG_CXX_LANGUAGE_STANDARD = "c++11";
				CLANG_CXX_LIBRARY = "libc++";
				CLANG_WARN_EMPTY_BODY = YES;
				CLANG_WARN__DUPLICATE_METHOD_MATCH = YES;
				COPY_PHASE_STRIP = NO;
				GCC_C_LANGUAGE_STANDARD = gnu99;
				GCC_DYNAMIC_NO_PIC = NO;
				GCC_ENABLE_OBJC_EXCEPTIONS = YES;
				GCC_OPTIMIZATION_LEVEL = 0;
				GCC_PREPROCESSOR_DEFINITIONS = (
					"DEBUG=1",
					"$(inherited)",
				);
				GCC_SYMBOLS_PRIVATE_EXTERN = NO;
				GCC_WARN_64_TO_32_BIT_CONVERSION = YES;
				GCC_WARN_ABOUT_RETURN_TYPE = YES;
				GCC_WARN_UNINITIALIZED_AUTOS = YES;
				GCC_WARN_UNUSED_VARIABLE = YES;
				HEADER_SEARCH_PATHS = /usr/local/include;
				LIBRARY_SEARCH_PATHS = /usr/local/lib;
				MACOSX_DEPLOYMENT_TARGET = 10.8;
				ONLY_ACTIVE_ARCH = YES;
				OTHER_LDFLAGS = (
					"-lboost_system-mt",
					"-lboost_program_options-mt",
					"-lboost_filesystem-mt",
					"-lboost_serialization-mt",
					"-lboost_thread-mt",
					"-lboost_regex-mt",
				);
				SDKROOT = macosx;
			};
			name = Debug;
		};
		747966881619546500465505 /* Release */ = {
			isa = XCBuildConfiguration;
			buildSettings = {
				ALWAYS_SEARCH_USER_PATHS = NO;
				ARCHS = "$(ARCHS_STANDARD_64_BIT)";
				CLANG_CXX_LANGUAGE_STANDARD = "c++11";
				CLANG_CXX_LIBRARY = "libc++";
				CLANG_WARN_EMPTY_BODY = YES;
				CLANG_WARN__DUPLICATE_METHOD_MATCH = YES;
				COPY_PHASE_STRIP = YES;
				DEBUG_INFORMATION_FORMAT = "dwarf-with-dsym";
				GCC_C_LANGUAGE_STANDARD = gnu99;
				GCC_ENABLE_OBJC_EXCEPTIONS = YES;
				GCC_WARN_64_TO_32_BIT_CONVERSION = YES;
				GCC_WARN_ABOUT_RETURN_TYPE = YES;
				GCC_WARN_UNINITIALIZED_AUTOS = YES;
				GCC_WARN_UNUSED_VARIABLE = YES;
				HEADER_SEARCH_PATHS = /usr/local/include;
				LIBRARY_SEARCH_PATHS = /usr/local/lib;
				MACOSX_DEPLOYMENT_TARGET = 10.8;
				OTHER_LDFLAGS = (
					"-lboost_system-mt",
					"-lboost_program_options-mt",
					"-lboost_filesystem-mt",
					"-lboost_serialization-mt",
					"-lboost_thread-mt",
					"-lboost_regex-mt",
				);
				SDKROOT = macosx;
			};
			name = Release;
		};
		749A5228162228F90094A87E /* Debug */ = {
			isa = XCBuildConfiguration;
			buildSettings = {
				CLANG_CXX_LANGUAGE_STANDARD = "gnu++0x";
				FRAMEWORK_SEARCH_PATHS = /Library/Frameworks;
				PRODUCT_NAME = "$(TARGET_NAME)";
			};
			name = Debug;
		};
		749A5229162228F90094A87E /* Release */ = {
			isa = XCBuildConfiguration;
			buildSettings = {
				CLANG_CXX_LANGUAGE_STANDARD = "gnu++0x";
				FRAMEWORK_SEARCH_PATHS = /Library/Frameworks;
				PRODUCT_NAME = "$(TARGET_NAME)";
			};
			name = Release;
		};
		74CB1C161622EA1C002456CA /* Debug */ = {
			isa = XCBuildConfiguration;
			buildSettings = {
				CLANG_CXX_LANGUAGE_STANDARD = "gnu++0x";
				PRODUCT_NAME = "$(TARGET_NAME)";
			};
			name = Debug;
		};
		74CB1C171622EA1C002456CA /* Release */ = {
			isa = XCBuildConfiguration;
			buildSettings = {
				CLANG_CXX_LANGUAGE_STANDARD = "gnu++0x";
				PRODUCT_NAME = "$(TARGET_NAME)";
			};
			name = Release;
		};
/* End XCBuildConfiguration section */

/* Begin XCConfigurationList section */
		747966791619546500465505 /* Build configuration list for PBXProject "The ASCII Project" */ = {
			isa = XCConfigurationList;
			buildConfigurations = (
				747966871619546500465505 /* Debug */,
				747966881619546500465505 /* Release */,
			);
			defaultConfigurationIsVisible = 0;
			defaultConfigurationName = Release;
		};
		749A5227162228F90094A87E /* Build configuration list for PBXNativeTarget "Client" */ = {
			isa = XCConfigurationList;
			buildConfigurations = (
				749A5228162228F90094A87E /* Debug */,
				749A5229162228F90094A87E /* Release */,
			);
			defaultConfigurationIsVisible = 0;
			defaultConfigurationName = Release;
		};
		74CB1C151622EA1C002456CA /* Build configuration list for PBXNativeTarget "Server" */ = {
			isa = XCConfigurationList;
			buildConfigurations = (
				74CB1C161622EA1C002456CA /* Debug */,
				74CB1C171622EA1C002456CA /* Release */,
			);
			defaultConfigurationIsVisible = 0;
			defaultConfigurationName = Release;
		};
/* End XCConfigurationList section */
	};
	rootObject = 747966761619546500465505 /* Project object */;
}
